
Microsoft Visual Studio Solution File, Format Version 12.00
# Visual Studio 15
Project("{FAE04EC0-301F-11D3-BF4B-00C04F79EFBC}") = "Assembly-CSharp", "Assembly-CSharp.csproj", "{B5FE89BC-01E3-1B0B-863A-B9111A046330}"
EndProject
Project("{FAE04EC0-301F-11D3-BF4B-00C04F79EFBC}") = "Sirenix.OdinInspector.CompatibilityLayer", "Sirenix.OdinInspector.CompatibilityLayer.csproj", "{FA4B4BF7-39BF-16F6-E967-F9BB2B1C9D7F}"
EndProject
Project("{FAE04EC0-301F-11D3-BF4B-00C04F79EFBC}") = "Sirenix.OdinInspector.CompatibilityLayer.Editor", "Sirenix.OdinInspector.CompatibilityLayer.Editor.csproj", "{F341C8A8-722E-168E-3233-9875C86712B3}"
EndProject
Project("{FAE04EC0-301F-11D3-BF4B-00C04F79EFBC}") = "Assembly-CSharp-Editor", "Assembly-CSharp-Editor.csproj", "{851EA1CE-0833-6AB1-F8FE-8B72BCE90DBB}"
EndProject
Global
	GlobalSection(SolutionConfigurationPlatforms) = preSolution
		Debug|Any CPU = Debug|Any CPU
		Release|Any CPU = Release|Any CPU
	EndGlobalSection
	GlobalSection(ProjectConfigurationPlatforms) = postSolution
		{B5FE89BC-01E3-1B0B-863A-B9111A046330}.Debug|Any CPU.ActiveCfg = Debug|Any CPU
		{B5FE89BC-01E3-1B0B-863A-B9111A046330}.Debug|Any CPU.Build.0 = Debug|Any CPU
		{B5FE89BC-01E3-1B0B-863A-B9111A046330}.Release|Any CPU.ActiveCfg = Release|Any CPU
		{B5FE89BC-01E3-1B0B-863A-B9111A046330}.Release|Any CPU.Build.0 = Release|Any CPU
		{FA4B4BF7-39BF-16F6-E967-F9BB2B1C9D7F}.Debug|Any CPU.ActiveCfg = Debug|Any CPU
		{FA4B4BF7-39BF-16F6-E967-F9BB2B1C9D7F}.Debug|Any CPU.Build.0 = Debug|Any CPU
		{FA4B4BF7-39BF-16F6-E967-F9BB2B1C9D7F}.Release|Any CPU.ActiveCfg = Release|Any CPU
		{FA4B4BF7-39BF-16F6-E967-F9BB2B1C9D7F}.Release|Any CPU.Build.0 = Release|Any CPU
		{F341C8A8-722E-168E-3233-9875C86712B3}.Debug|Any CPU.ActiveCfg = Debug|Any CPU
		{F341C8A8-722E-168E-3233-9875C86712B3}.Debug|Any CPU.Build.0 = Debug|Any CPU
		{F341C8A8-722E-168E-3233-9875C86712B3}.Release|Any CPU.ActiveCfg = Release|Any CPU
		{F341C8A8-722E-168E-3233-9875C86712B3}.Release|Any CPU.Build.0 = Release|Any CPU
		{851EA1CE-0833-6AB1-F8FE-8B72BCE90DBB}.Debug|Any CPU.ActiveCfg = Debug|Any CPU
		{851EA1CE-0833-6AB1-F8FE-8B72BCE90DBB}.Debug|Any CPU.Build.0 = Debug|Any CPU
		{851EA1CE-0833-6AB1-F8FE-8B72BCE90DBB}.Release|Any CPU.ActiveCfg = Release|Any CPU
		{851EA1CE-0833-6AB1-F8FE-8B72BCE90DBB}.Release|Any CPU.Build.0 = Release|Any CPU
	EndGlobalSection
	GlobalSection(SolutionProperties) = preSolution
		HideSolutionNode = FALSE
	EndGlobalSection
EndGlobal
